
Microsoft Visual Studio Solution File, Format Version 12.00
# Visual Studio Version 16
VisualStudioVersion = 16.0.33027.164
MinimumVisualStudioVersion = 10.0.40219.1
Project("{FAE04EC0-301F-11D3-BF4B-00C04F79EFBC}") = "MovieFinder", "MovieFinder\MovieFinder.csproj", "{3CC585B7-4AD1-4881-BFC0-FEAB17EE6F55}"
EndProject
Global
	GlobalSection(SolutionConfigurationPlatforms) = preSolution
		Debug|Any CPU = Debug|Any CPU
		Release|Any CPU = Release|Any CPU
	EndGlobalSection
	GlobalSection(ProjectConfigurationPlatforms) = postSolution
		{3CC585B7-4AD1-4881-BFC0-FEAB17EE6F55}.Debug|Any CPU.ActiveCfg = Debug|Any CPU
		{3CC585B7-4AD1-4881-BFC0-FEAB17EE6F55}.Debug|Any CPU.Build.0 = Debug|Any CPU
		{3CC585B7-4AD1-4881-BFC0-FEAB17EE6F55}.Release|Any CPU.ActiveCfg = Release|Any CPU
		{3CC585B7-4AD1-4881-BFC0-FEAB17EE6F55}.Release|Any CPU.Build.0 = Release|Any CPU
	EndGlobalSection
	GlobalSection(SolutionProperties) = preSolution
		HideSolutionNode = FALSE
	EndGlobalSection
	GlobalSection(ExtensibilityGlobals) = postSolution
		SolutionGuid = {D01BEA45-A64B-40B5-A845-995E758421E6}
	EndGlobalSection
EndGlobal
